# THIS IS AN AUTOGENERATED FILE. DO NOT EDIT THIS FILE DIRECTLY.
# yarn lockfile v1


"@types/glob-to-regexp@^0.4.1":
  version "0.4.1"
  resolved "https://registry.yarnpkg.com/@types/glob-to-regexp/-/glob-to-regexp-0.4.1.tgz#f684bc7b9a24691f1f80d045dbb7260bf9cc415b"
  integrity sha512-S0mIukll6fbF0tvrKic/jj+jI8SHoSvGU+Cs95b/jzZEnBYCbj+7aJtQ9yeABuK3xP1okwA3jEH9qIRayijnvQ==

"@types/lodash@^4.14.178":
  version "4.14.178"
  resolved "https://registry.yarnpkg.com/@types/lodash/-/lodash-4.14.178.tgz#341f6d2247db528d4a13ddbb374bcdc80406f4f8"
  integrity sha512-0d5Wd09ItQWH1qFbEyQ7oTQ3GZrMfth5JkbN3EvTKLXcHLRDSXeLnlvlOn0wvxVIwK5o2M8JzP/OWz7T3NRsbw==

"@types/prettier@^2.4.3":
  version "2.4.3"
  resolved "https://registry.yarnpkg.com/@types/prettier/-/prettier-2.4.3.tgz#a3c65525b91fca7da00ab1a3ac2b5a2a4afbffbf"
  integrity sha512-QzSuZMBuG5u8HqYz01qtMdg/Jfctlnvj1z/lYnIDXs/golxw0fxtRAHd9KrzjR7Yxz1qVeI00o0kiO3PmVdJ9w==

glob-to-regexp@^0.4.1:
  version "0.4.1"
  resolved "https://registry.yarnpkg.com/glob-to-regexp/-/glob-to-regexp-0.4.1.tgz#c75297087c851b9a578bd217dd59a92f59fe546e"
  integrity sha512-lkX1HJXwyMcprw/5YUZc2s7DrpAiHB21/V+E1rHUrVNokkvB6bqMzT0VfV6/86ZNabt1k14YOIaT7nDvOX3Iiw==

lodash@^4.17.21:
  version "4.17.21"
  resolved "https://registry.yarnpkg.com/lodash/-/lodash-4.17.21.tgz#679591c564c3bffaae8454cf0b3df370c3d6911c"
  integrity sha512-v2kDEe57lecTulaDIuNTPy3Ry4gLGJ6Z1O3vE1krgXZNrsQ+LFTGHVxVjcXPs17LhbZVGedAJv8XZ1tvj5FvSg==

prettier@^2.5.1:
  version "2.5.1"
  resolved "https://registry.yarnpkg.com/prettier/-/prettier-2.5.1.tgz#fff75fa9d519c54cf0fce328c1017d94546bc56a"
  integrity sha512-vBZcPRUR5MZJwoyi3ZoyQlc1rXeEck8KgeC9AwwOn+exuxLxq5toTRDTSaVrXHxelDMHy9zlicw8u66yxoSUFg==
